{
  "version": "2",
  "remote": {
    "https://deno.land/std@0.139.0/_util/assert.ts": "e94f2eb37cebd7f199952e242c77654e43333c1ac4c5c700e929ea3aa5489f74",
    "https://deno.land/std@0.139.0/async/deferred.ts": "bc18e28108252c9f67dfca2bbc4587c3cbf3aeb6e155f8c864ca8ecff992b98a",
    "https://deno.land/std@0.139.0/bytes/bytes_list.ts": "67eb118e0b7891d2f389dad4add35856f4ad5faab46318ff99653456c23b025d",
    "https://deno.land/std@0.139.0/bytes/equals.ts": "fc16dff2090cced02497f16483de123dfa91e591029f985029193dfaa9d894c9",
    "https://deno.land/std@0.139.0/bytes/mod.ts": "763f97d33051cc3f28af1a688dfe2830841192a9fea0cbaa55f927b49d49d0bf",
    "https://deno.land/std@0.139.0/fmt/colors.ts": "30455035d6d728394781c10755351742dd731e3db6771b1843f9b9e490104d37",
    "https://deno.land/std@0.139.0/io/buffer.ts": "bd0c4bf53db4b4be916ca5963e454bddfd3fcd45039041ea161dbf826817822b",
    "https://deno.land/std@0.139.0/io/files.ts": "d199ef64e918a256320ba8d8d44ae91de87c9077df8f8d6cca013f1b9fbbe285",
    "https://deno.land/std@0.139.0/io/mod.ts": "8e5b5faf516e4a49d2b13a7f53178b15e6961011788530ba0c0cf0f559d3464c",
    "https://deno.land/std@0.139.0/io/readers.ts": "15062a8863e6df8503ac6629924d04c5e65cf3da15997470525e705831a810c8",
    "https://deno.land/std@0.139.0/io/streams.ts": "988a19155b52161f0035ce539e2f1d12edbc4c389fa7633da832a64e6edbe1a0",
    "https://deno.land/std@0.139.0/io/types.d.ts": "01f60ae7ec02675b5dbed150d258fc184a78dfe5c209ef53ba4422b46b58822c",
    "https://deno.land/std@0.139.0/io/util.ts": "078da53bba767bec0d45f7da44411f6dbf269e51ef7fcfea5e3714e04681c674",
    "https://deno.land/std@0.139.0/io/writers.ts": "5db9995d2afc7ed391c88c6b441457df6fad6a0b09653e54c1dcd0387ab947fd",
    "https://deno.land/std@0.139.0/streams/conversion.ts": "712585bfa0172a97fb68dd46e784ae8ad59d11b88079d6a4ab098ff42e697d21",
    "https://deno.land/std@0.139.0/testing/_diff.ts": "029a00560b0d534bc0046f1bce4bd36b3b41ada3f2a3178c85686eb2ff5f1413",
    "https://deno.land/std@0.139.0/testing/_format.ts": "0d8dc79eab15b67cdc532826213bbe05bccfd276ca473a50a3fc7bbfb7260642",
    "https://deno.land/std@0.139.0/testing/asserts.ts": "dc7ab67b635063989b4aec8620dbcc6fa7c2465f2d9c856bddf8c0e7b45b4481",
    "https://deno.land/std@0.160.0/fmt/colors.ts": "9e36a716611dcd2e4865adea9c4bec916b5c60caad4cdcdc630d4974e6bb8bd4",
    "https://deno.land/std@0.160.0/testing/_diff.ts": "a23e7fc2b4d8daa3e158fa06856bedf5334ce2a2831e8bf9e509717f455adb2c",
    "https://deno.land/std@0.160.0/testing/_format.ts": "cd11136e1797791045e639e9f0f4640d5b4166148796cad37e6ef75f7d7f3832",
    "https://deno.land/std@0.160.0/testing/asserts.ts": "1e340c589853e82e0807629ba31a43c84ebdcdeca910c4a9705715dfdb0f5ce8",
    "https://deno.land/x/sinco@v4.1.0/deps.ts": "6fadea3aaa410505e4f3fa51ba1b52d00647edd2381da9606dbd69d69c9585ac",
    "https://deno.land/x/sinco@v4.1.0/mod.ts": "deab55534e35603019399618a0d359f7420ba54cecee17d37613234f701f9c51",
    "https://deno.land/x/sinco@v4.1.0/src/client.ts": "75ca0b860c0280028e9076228ecc7f5b539bf4a5f9fdc26dc2705f7dfe8cb1bc",
    "https://deno.land/x/sinco@v4.1.0/src/element.ts": "e2a99774aae3362bc42b6baf884da9aa7f338c2b42fa12fa5e64431a491a00f8",
    "https://deno.land/x/sinco@v4.1.0/src/interfaces.ts": "288a08587e9317751e931558b3042529e7c1322bc5b43984f7b2da014f23cb5e",
    "https://deno.land/x/sinco@v4.1.0/src/page.ts": "421e3ecb4bc63ec9c2b16bdf155bf5ad88b8455b9456dabf4938c52164f3eb7d",
    "https://deno.land/x/sinco@v4.1.0/src/protocol.ts": "b8efbb63f1f3a6fda9e605cc624e0926bae5edf5df325863d1fdbfaa8955eba5",
    "https://deno.land/x/sinco@v4.1.0/src/types.ts": "096c8ee5f96fa00ca3964ea4196685ae1d5cf75c016a23bff0d5d2ae8c58eef0",
    "https://deno.land/x/sinco@v4.1.0/src/utility.ts": "f0da9acfb1afbf0eaa2edd5bac03f59f9153f0fbe6dd289ce6eadb2512a5e7b5",
    "https://unpkg.com/devtools-protocol@0.0.979918/types/protocol.d.ts": "1abcdd85857c704cef758452fb4799d1f7c80d7375ec14aa651665807ad4a8a5"
  }
}
